
Microsoft Visual Studio Solution File, Format Version 12.00
# Visual Studio Version 16
VisualStudioVersion = 16.0.29020.237
MinimumVisualStudioVersion = 10.0.40219.1
Project("{8BC9CEB8-8B4A-11D0-8D11-00A0C91BC942}") = "lab28", "lab28.vcxproj", "{5AE9AC2E-D139-4C4D-AF92-9D83CB7FCF06}"
EndProject
Global
	GlobalSection(SolutionConfigurationPlatforms) = preSolution
		Debug|x64 = Debug|x64
		Debug|x86 = Debug|x86
		Release|x64 = Release|x64
		Release|x86 = Release|x86
	EndGlobalSection
	GlobalSection(ProjectConfigurationPlatforms) = postSolution
		{5AE9AC2E-D139-4C4D-AF92-9D83CB7FCF06}.Debug|x64.ActiveCfg = Debug|x64
		{5AE9AC2E-D139-4C4D-AF92-9D83CB7FCF06}.Debug|x64.Build.0 = Debug|x64
		{5AE9AC2E-D139-4C4D-AF92-9D83CB7FCF06}.Debug|x86.ActiveCfg = Debug|Win32
		{5AE9AC2E-D139-4C4D-AF92-9D83CB7FCF06}.Debug|x86.Build.0 = Debug|Win32
		{5AE9AC2E-D139-4C4D-AF92-9D83CB7FCF06}.Release|x64.ActiveCfg = Release|x64
		{5AE9AC2E-D139-4C4D-AF92-9D83CB7FCF06}.Release|x64.Build.0 = Release|x64
		{5AE9AC2E-D139-4C4D-AF92-9D83CB7FCF06}.Release|x86.ActiveCfg = Release|Win32
		{5AE9AC2E-D139-4C4D-AF92-9D83CB7FCF06}.Release|x86.Build.0 = Release|Win32
	EndGlobalSection
	GlobalSection(SolutionProperties) = preSolution
		HideSolutionNode = FALSE
	EndGlobalSection
	GlobalSection(ExtensibilityGlobals) = postSolution
		SolutionGuid = {C3B854C8-8F6C-4287-909F-042C91A0E653}
	EndGlobalSection
EndGlobal
